
Microsoft Visual Studio Solution File, Format Version 12.00
# Visual Studio Version 17
VisualStudioVersion = 17.11.35303.130
MinimumVisualStudioVersion = 10.0.40219.1
Project("{FAE04EC0-301F-11D3-BF4B-00C04F79EFBC}") = "BlackJackApp", "BlackJackApp\BlackJackApp.csproj", "{C9E41DE3-C108-4D80-B356-7779F68957CE}"
EndProject
Global
	GlobalSection(SolutionConfigurationPlatforms) = preSolution
		Debug|Any CPU = Debug|Any CPU
		Release|Any CPU = Release|Any CPU
	EndGlobalSection
	GlobalSection(ProjectConfigurationPlatforms) = postSolution
		{C9E41DE3-C108-4D80-B356-7779F68957CE}.Debug|Any CPU.ActiveCfg = Debug|Any CPU
		{C9E41DE3-C108-4D80-B356-7779F68957CE}.Debug|Any CPU.Build.0 = Debug|Any CPU
		{C9E41DE3-C108-4D80-B356-7779F68957CE}.Release|Any CPU.ActiveCfg = Release|Any CPU
		{C9E41DE3-C108-4D80-B356-7779F68957CE}.Release|Any CPU.Build.0 = Release|Any CPU
	EndGlobalSection
	GlobalSection(SolutionProperties) = preSolution
		HideSolutionNode = FALSE
	EndGlobalSection
	GlobalSection(ExtensibilityGlobals) = postSolution
		SolutionGuid = {CFFD3530-62AA-43E1-B5B7-14E90EB40A9A}
	EndGlobalSection
EndGlobal
